Microsoft Visual Studio Solution File, Format Version 12.00
# Visual Studio Version 17
VisualStudioVersion = 17.5.2.0
MinimumVisualStudioVersion = 10.0.40219.1
Project("{2150E333-8FDC-42A3-9474-1A3956D46DE8}") = "docs", "docs", "{208BA388-4CEE-2CBF-559C-5607C099C1F8}"
EndProject
Project("{2150E333-8FDC-42A3-9474-1A3956D46DE8}") = "snippets", "snippets", "{892820E9-0C40-0EDF-3BDE-BBC8BD315DCB}"
EndProject
Project("{FAE04EC0-301F-11D3-BF4B-00C04F79EFBC}") = "Snippets.NUnit", "docs\snippets\Snippets.NUnit\Snippets.NUnit.csproj", "{3A3A7B63-9801-D598-8E49-6D195177065B}"
EndProject
Project("{FAE04EC0-301F-11D3-BF4B-00C04F79EFBC}") = "Snippets.NUnitLite", "docs\snippets\Snippets.NUnitLite\Snippets.NUnitLite.csproj", "{E9CEC5A3-A316-7CA6-DE58-EC295C3BF92A}"
EndProject
Global
	GlobalSection(SolutionConfigurationPlatforms) = preSolution
		Debug|Any CPU = Debug|Any CPU
		Release|Any CPU = Release|Any CPU
	EndGlobalSection
	GlobalSection(ProjectConfigurationPlatforms) = postSolution
		{3A3A7B63-9801-D598-8E49-6D195177065B}.Debug|Any CPU.ActiveCfg = Debug|Any CPU
		{3A3A7B63-9801-D598-8E49-6D195177065B}.Debug|Any CPU.Build.0 = Debug|Any CPU
		{3A3A7B63-9801-D598-8E49-6D195177065B}.Release|Any CPU.ActiveCfg = Release|Any CPU
		{3A3A7B63-9801-D598-8E49-6D195177065B}.Release|Any CPU.Build.0 = Release|Any CPU
		{E9CEC5A3-A316-7CA6-DE58-EC295C3BF92A}.Debug|Any CPU.ActiveCfg = Debug|Any CPU
		{E9CEC5A3-A316-7CA6-DE58-EC295C3BF92A}.Debug|Any CPU.Build.0 = Debug|Any CPU
		{E9CEC5A3-A316-7CA6-DE58-EC295C3BF92A}.Release|Any CPU.ActiveCfg = Release|Any CPU
		{E9CEC5A3-A316-7CA6-DE58-EC295C3BF92A}.Release|Any CPU.Build.0 = Release|Any CPU
	EndGlobalSection
	GlobalSection(SolutionProperties) = preSolution
		HideSolutionNode = FALSE
	EndGlobalSection
	GlobalSection(NestedProjects) = preSolution
		{892820E9-0C40-0EDF-3BDE-BBC8BD315DCB} = {208BA388-4CEE-2CBF-559C-5607C099C1F8}
		{3A3A7B63-9801-D598-8E49-6D195177065B} = {892820E9-0C40-0EDF-3BDE-BBC8BD315DCB}
		{E9CEC5A3-A316-7CA6-DE58-EC295C3BF92A} = {892820E9-0C40-0EDF-3BDE-BBC8BD315DCB}
	EndGlobalSection
	GlobalSection(ExtensibilityGlobals) = postSolution
		SolutionGuid = {DFFA8DBD-23CF-4FF8-A9EC-E7FD79CAB302}
	EndGlobalSection
EndGlobal
