
Microsoft Visual Studio Solution File, Format Version 12.00
# Visual Studio Version 17
VisualStudioVersion = 17.8.34511.84
MinimumVisualStudioVersion = 10.0.40219.1
Project("{9A19103F-16F7-4668-BE54-9A1E7A4F7556}") = "nunitlite-example", "nunitlite-example.csproj", "{946E011B-0C66-4593-8FD8-2BD1FD198BFE}"
EndProject
Global
	GlobalSection(SolutionConfigurationPlatforms) = preSolution
		Debug|Any CPU = Debug|Any CPU
		Release|Any CPU = Release|Any CPU
	EndGlobalSection
	GlobalSection(ProjectConfigurationPlatforms) = postSolution
		{946E011B-0C66-4593-8FD8-2BD1FD198BFE}.Debug|Any CPU.ActiveCfg = Debug|Any CPU
		{946E011B-0C66-4593-8FD8-2BD1FD198BFE}.Debug|Any CPU.Build.0 = Debug|Any CPU
		{946E011B-0C66-4593-8FD8-2BD1FD198BFE}.Release|Any CPU.ActiveCfg = Release|Any CPU
		{946E011B-0C66-4593-8FD8-2BD1FD198BFE}.Release|Any CPU.Build.0 = Release|Any CPU
	EndGlobalSection
	GlobalSection(SolutionProperties) = preSolution
		HideSolutionNode = FALSE
	EndGlobalSection
	GlobalSection(ExtensibilityGlobals) = postSolution
		SolutionGuid = {681EDDD6-F918-4617-884A-21B26B03534F}
	EndGlobalSection
EndGlobal
