
Microsoft Visual Studio Solution File, Format Version 12.00
# Visual Studio Version 17
VisualStudioVersion = 17.0.31903.59
MinimumVisualStudioVersion = 10.0.40219.1
Project("{9A19103F-16F7-4668-BE54-9A1E7A4F7556}") = "Snippets.NUnit", "Snippets.NUnit\Snippets.NUnit.csproj", "{759AE765-B66A-4585-886C-4A6F35143C92}"
EndProject
Project("{2150E333-8FDC-42A3-9474-1A3956D46DE8}") = "Solution Items", "Solution Items", "{6E5F0945-D524-45AB-AF2C-EFEB7B9CDB97}"
	ProjectSection(SolutionItems) = preProject
		naming.runsettings = naming.runsettings
		nuget.config = nuget.config
	EndProjectSection
EndProject
Project("{9A19103F-16F7-4668-BE54-9A1E7A4F7556}") = "Snippets.NUnitLite", "Snippets.NUnitLite\Snippets.NUnitLite.csproj", "{1C1F1558-1308-4AED-8F1D-6060F78C7697}"
EndProject
Global
	GlobalSection(SolutionConfigurationPlatforms) = preSolution
		Debug|Any CPU = Debug|Any CPU
		Release|Any CPU = Release|Any CPU
	EndGlobalSection
	GlobalSection(ProjectConfigurationPlatforms) = postSolution
		{759AE765-B66A-4585-886C-4A6F35143C92}.Debug|Any CPU.ActiveCfg = Debug|Any CPU
		{759AE765-B66A-4585-886C-4A6F35143C92}.Debug|Any CPU.Build.0 = Debug|Any CPU
		{759AE765-B66A-4585-886C-4A6F35143C92}.Release|Any CPU.ActiveCfg = Release|Any CPU
		{759AE765-B66A-4585-886C-4A6F35143C92}.Release|Any CPU.Build.0 = Release|Any CPU
		{1C1F1558-1308-4AED-8F1D-6060F78C7697}.Debug|Any CPU.ActiveCfg = Debug|Any CPU
		{1C1F1558-1308-4AED-8F1D-6060F78C7697}.Debug|Any CPU.Build.0 = Debug|Any CPU
		{1C1F1558-1308-4AED-8F1D-6060F78C7697}.Release|Any CPU.ActiveCfg = Release|Any CPU
		{1C1F1558-1308-4AED-8F1D-6060F78C7697}.Release|Any CPU.Build.0 = Release|Any CPU
	EndGlobalSection
	GlobalSection(SolutionProperties) = preSolution
		HideSolutionNode = FALSE
	EndGlobalSection
	GlobalSection(ExtensibilityGlobals) = postSolution
		SolutionGuid = {46B3FF2B-C9B8-495E-8EF6-D3FEA8477ABF}
	EndGlobalSection
EndGlobal
